// !$*UTF8*$!
{
	archiveVersion = 1;
	classes = {
	};
	objectVersion = 77;
	objects = {

/* Begin PBXBuildFile section */
		F52103FF30318E7600C460CD /* ExpenSeeCore in Frameworks */ = {isa = PBXBuildFile; productRef = F52103FE30318E7600C460CD /* ExpenSeeCore */; };
		F5ED44903031E3F200D9F64C /* WidgetKit.framework in Frameworks */ = {isa = PBXBuildFile; fileRef = F5DAFF703030D30500957CDF /* WidgetKit.framework */; };
		F5ED44913031E3F200D9F64C /* SwiftUI.framework in Frameworks */ = {isa = PBXBuildFile; fileRef = F5DAFF723030D30500957CDF /* SwiftUI.framework */; };
		F5ED44A23031E3F300D9F64C /* ExpenSeeWidgetExtension.appex in Embed Foundation Extensions */ = {isa = PBXBuildFile; fileRef = F5ED448F3031E3F200D9F64C /* ExpenSeeWidgetExtension.appex */; settings = {ATTRIBUTES = (RemoveHeadersOnCopy, ); }; };
		F5ED44BD3031E41B00D9F64C /* ExpenSeeCore in Frameworks */ = {isa = PBXBuildFile; productRef = F5ED44BC3031E41B00D9F64C /* ExpenSeeCore */; };
/* End PBXBuildFile section */

/* Begin PBXContainerItemProxy section */
		F5DAFD123030BA3400957CDF /* PBXContainerItemProxy */ = {
			isa = PBXContainerItemProxy;
			containerPortal = F5DAFCFA3030BA3200957CDF /* Project object */;
			proxyType = 1;
			remoteGlobalIDString = F5DAFD013030BA3200957CDF;
			remoteInfo = ExpenSee;
		};
		F5DAFD1C3030BA3400957CDF /* PBXContainerItemProxy */ = {
			isa = PBXContainerItemProxy;
			containerPortal = F5DAFCFA3030BA3200957CDF /* Project object */;
			proxyType = 1;
			remoteGlobalIDString = F5DAFD013030BA3200957CDF;
			remoteInfo = ExpenSee;
		};
		F5ED44A03031E3F300D9F64C /* PBXContainerItemProxy */ = {
			isa = PBXContainerItemProxy;
			containerPortal = F5DAFCFA3030BA3200957CDF /* Project object */;
			proxyType = 1;
			remoteGlobalIDString = F5ED448E3031E3F200D9F64C;
			remoteInfo = ExpenSeeWidgetExtension;
		};
/* End PBXContainerItemProxy section */

/* Begin PBXCopyFilesBuildPhase section */
		F5DAFE0E3030C90300957CDF /* Embed Frameworks */ = {
			isa = PBXCopyFilesBuildPhase;
			buildActionMask = 2147483647;
			dstPath = "";
			dstSubfolderSpec = 10;
			files = (
			);
			name = "Embed Frameworks";
			runOnlyForDeploymentPostprocessing = 0;
		};
		F5DAFF893030D30700957CDF /* Embed Foundation Extensions */ = {
			isa = PBXCopyFilesBuildPhase;
			buildActionMask = 2147483647;
			dstPath = "";
			dstSubfolderSpec = 13;
			files = (
				F5ED44A23031E3F300D9F64C /* ExpenSeeWidgetExtension.appex in Embed Foundation Extensions */,
			);
			name = "Embed Foundation Extensions";
			runOnlyForDeploymentPostprocessing = 0;
		};
/* End PBXCopyFilesBuildPhase section */

/* Begin PBXFileReference section */
		F5DAFD023030BA3200957CDF /* ExpenSee.app */ = {isa = PBXFileReference; explicitFileType = wrapper.application; includeInIndex = 0; path = ExpenSee.app; sourceTree = BUILT_PRODUCTS_DIR; };
		F5DAFD113030BA3400957CDF /* ExpenSeeTests.xctest */ = {isa = PBXFileReference; explicitFileType = wrapper.cfbundle; includeInIndex = 0; path = ExpenSeeTests.xctest; sourceTree = BUILT_PRODUCTS_DIR; };
		F5DAFD1B3030BA3400957CDF /* ExpenSeeUITests.xctest */ = {isa = PBXFileReference; explicitFileType = wrapper.cfbundle; includeInIndex = 0; path = ExpenSeeUITests.xctest; sourceTree = BUILT_PRODUCTS_DIR; };
		F5DAFF703030D30500957CDF /* WidgetKit.framework */ = {isa = PBXFileReference; lastKnownFileType = wrapper.framework; name = WidgetKit.framework; path = System/Library/Frameworks/WidgetKit.framework; sourceTree = SDKROOT; };
		F5DAFF723030D30500957CDF /* SwiftUI.framework */ = {isa = PBXFileReference; lastKnownFileType = wrapper.framework; name = SwiftUI.framework; path = System/Library/Frameworks/SwiftUI.framework; sourceTree = SDKROOT; };
		F5ED448F3031E3F200D9F64C /* ExpenSeeWidgetExtension.appex */ = {isa = PBXFileReference; explicitFileType = "wrapper.app-extension"; includeInIndex = 0; path = ExpenSeeWidgetExtension.appex; sourceTree = BUILT_PRODUCTS_DIR; };
		F5ED44C63031F27500D9F64C /* ExpenSeeWidgetExtension.entitlements */ = {isa = PBXFileReference; lastKnownFileType = text.plist.entitlements; path = ExpenSeeWidgetExtension.entitlements; sourceTree = "<group>"; };
/* End PBXFileReference section */

/* Begin PBXFileSystemSynchronizedBuildFileExceptionSet section */
		F5569A4430317CCD001F5CA1 /* Exceptions for "ExpenSeeWidget" folder in "ExpenSee" target */ = {
			isa = PBXFileSystemSynchronizedBuildFileExceptionSet;
			membershipExceptions = (
				Assets.xcassets,
				ExpenSeeWidgetBundle.swift,
				Info.plist,
			);
			target = F5DAFD013030BA3200957CDF /* ExpenSee */;
		};
		F5ED44A63031E3F300D9F64C /* Exceptions for "ExpenSeeWidget" folder in "ExpenSeeWidgetExtension" target */ = {
			isa = PBXFileSystemSynchronizedBuildFileExceptionSet;
			membershipExceptions = (
				Info.plist,
			);
			target = F5ED448E3031E3F200D9F64C /* ExpenSeeWidgetExtension */;
		};
		F5ED44C53031E79400D9F64C /* Exceptions for "ExpenSeeWidget" folder in "ExpenSeeWidgetExtension" target */ = {
			isa = PBXFileSystemSynchronizedBuildFileExceptionSet;
			membershipExceptions = (
				ExpenSeeWidgetBundle.swift,
			);
			target = F5ED448E3031E3F200D9F64C /* ExpenSeeWidgetExtension */;
		};
/* End PBXFileSystemSynchronizedBuildFileExceptionSet section */

/* Begin PBXFileSystemSynchronizedGroupBuildPhaseMembershipExceptionSet section */
		F5DAFDDA3030C37D00957CDF /* Exceptions for "ExpenSee" folder in "Compile Sources" phase from "ExpenSee" target */ = {
			isa = PBXFileSystemSynchronizedGroupBuildPhaseMembershipExceptionSet;
			buildPhase = F5DAFCFE3030BA3200957CDF /* Sources */;
			membershipExceptions = (
				ExpenSee.entitlements,
			);
		};
/* End PBXFileSystemSynchronizedGroupBuildPhaseMembershipExceptionSet section */

/* Begin PBXFileSystemSynchronizedRootGroup section */
		F5DAFD043030BA3200957CDF /* ExpenSee */ = {
			isa = PBXFileSystemSynchronizedRootGroup;
			exceptions = (
				F5DAFDDA3030C37D00957CDF /* Exceptions for "ExpenSee" folder in "Compile Sources" phase from "ExpenSee" target */,
			);
			path = ExpenSee;
			sourceTree = "<group>";
		};
		F5DAFD143030BA3400957CDF /* ExpenSeeTests */ = {
			isa = PBXFileSystemSynchronizedRootGroup;
			path = ExpenSeeTests;
			sourceTree = "<group>";
		};
		F5DAFD1E3030BA3400957CDF /* ExpenSeeUITests */ = {
			isa = PBXFileSystemSynchronizedRootGroup;
			path = ExpenSeeUITests;
			sourceTree = "<group>";
		};
		F5DAFD2F3030BCFA00957CDF /* ExpenSeeWidget */ = {
			isa = PBXFileSystemSynchronizedRootGroup;
			exceptions = (
				F5569A4430317CCD001F5CA1 /* Exceptions for "ExpenSeeWidget" folder in "ExpenSee" target */,
				F5ED44C53031E79400D9F64C /* Exceptions for "ExpenSeeWidget" folder in "ExpenSeeWidgetExtension" target */,
			);
			path = ExpenSeeWidget;
			sourceTree = "<group>";
		};
		F5ED44923031E3F200D9F64C /* ExpenSeeWidget */ = {
			isa = PBXFileSystemSynchronizedRootGroup;
			exceptions = (
				F5ED44A63031E3F300D9F64C /* Exceptions for "ExpenSeeWidget" folder in "ExpenSeeWidgetExtension" target */,
			);
			path = ExpenSeeWidget;
			sourceTree = "<group>";
		};
/* End PBXFileSystemSynchronizedRootGroup section */

/* Begin PBXFrameworksBuildPhase section */
		F5DAFCFF3030BA3200957CDF /* Frameworks */ = {
			isa = PBXFrameworksBuildPhase;
			buildActionMask = 2147483647;
			files = (
				F52103FF30318E7600C460CD /* ExpenSeeCore in Frameworks */,
			);
			runOnlyForDeploymentPostprocessing = 0;
		};
		F5DAFD0E3030BA3400957CDF /* Frameworks */ = {
			isa = PBXFrameworksBuildPhase;
			buildActionMask = 2147483647;
			files = (
			);
			runOnlyForDeploymentPostprocessing = 0;
		};
		F5DAFD183030BA3400957CDF /* Frameworks */ = {
			isa = PBXFrameworksBuildPhase;
			buildActionMask = 2147483647;
			files = (
			);
			runOnlyForDeploymentPostprocessing = 0;
		};
		F5ED448C3031E3F200D9F64C /* Frameworks */ = {
			isa = PBXFrameworksBuildPhase;
			buildActionMask = 2147483647;
			files = (
				F5ED44BD3031E41B00D9F64C /* ExpenSeeCore in Frameworks */,
				F5ED44913031E3F200D9F64C /* SwiftUI.framework in Frameworks */,
				F5ED44903031E3F200D9F64C /* WidgetKit.framework in Frameworks */,
			);
			runOnlyForDeploymentPostprocessing = 0;
		};
/* End PBXFrameworksBuildPhase section */

/* Begin PBXGroup section */
		F5DAFCF93030BA3200957CDF = {
			isa = PBXGroup;
			children = (
				F5ED44C63031F27500D9F64C /* ExpenSeeWidgetExtension.entitlements */,
				F5DAFD2F3030BCFA00957CDF /* ExpenSeeWidget */,
				F5DAFD043030BA3200957CDF /* ExpenSee */,
				F5DAFD143030BA3400957CDF /* ExpenSeeTests */,
				F5DAFD1E3030BA3400957CDF /* ExpenSeeUITests */,
				F5ED44923031E3F200D9F64C /* ExpenSeeWidget */,
				F5DAFF6F3030D30500957CDF /* Frameworks */,
				F5DAFD033030BA3200957CDF /* Products */,
			);
			sourceTree = "<group>";
		};
		F5DAFD033030BA3200957CDF /* Products */ = {
			isa = PBXGroup;
			children = (
				F5DAFD023030BA3200957CDF /* ExpenSee.app */,
				F5DAFD113030BA3400957CDF /* ExpenSeeTests.xctest */,
				F5DAFD1B3030BA3400957CDF /* ExpenSeeUITests.xctest */,
				F5ED448F3031E3F200D9F64C /* ExpenSeeWidgetExtension.appex */,
			);
			name = Products;
			sourceTree = "<group>";
		};
		F5DAFF6F3030D30500957CDF /* Frameworks */ = {
			isa = PBXGroup;
			children = (
				F5DAFF703030D30500957CDF /* WidgetKit.framework */,
				F5DAFF723030D30500957CDF /* SwiftUI.framework */,
			);
			name = Frameworks;
			sourceTree = "<group>";
		};
/* End PBXGroup section */

/* Begin PBXNativeTarget section */
		F5DAFD013030BA3200957CDF /* ExpenSee */ = {
			isa = PBXNativeTarget;
			buildConfigurationList = F5DAFD253030BA3400957CDF /* Build configuration list for PBXNativeTarget "ExpenSee" */;
			buildPhases = (
				F5DAFCFE3030BA3200957CDF /* Sources */,
				F5DAFCFF3030BA3200957CDF /* Frameworks */,
				F5DAFD003030BA3200957CDF /* Resources */,
				F5DAFE0E3030C90300957CDF /* Embed Frameworks */,
				F5DAFF893030D30700957CDF /* Embed Foundation Extensions */,
			);
			buildRules = (
			);
			dependencies = (
				F5ED44A13031E3F300D9F64C /* PBXTargetDependency */,
			);
			fileSystemSynchronizedGroups = (
				F5DAFD043030BA3200957CDF /* ExpenSee */,
				F5DAFD2F3030BCFA00957CDF /* ExpenSeeWidget */,
			);
			name = ExpenSee;
			packageProductDependencies = (
				F52103FE30318E7600C460CD /* ExpenSeeCore */,
			);
			productName = ExpenSee;
			productReference = F5DAFD023030BA3200957CDF /* ExpenSee.app */;
			productType = "com.apple.product-type.application";
		};
		F5DAFD103030BA3400957CDF /* ExpenSeeTests */ = {
			isa = PBXNativeTarget;
			buildConfigurationList = F5DAFD283030BA3400957CDF /* Build configuration list for PBXNativeTarget "ExpenSeeTests" */;
			buildPhases = (
				F5DAFD0D3030BA3400957CDF /* Sources */,
				F5DAFD0E3030BA3400957CDF /* Frameworks */,
				F5DAFD0F3030BA3400957CDF /* Resources */,
			);
			buildRules = (
			);
			dependencies = (
				F5DAFD133030BA3400957CDF /* PBXTargetDependency */,
			);
			fileSystemSynchronizedGroups = (
				F5DAFD143030BA3400957CDF /* ExpenSeeTests */,
			);
			name = ExpenSeeTests;
			packageProductDependencies = (
			);
			productName = ExpenSeeTests;
			productReference = F5DAFD113030BA3400957CDF /* ExpenSeeTests.xctest */;
			productType = "com.apple.product-type.bundle.unit-test";
		};
		F5DAFD1A3030BA3400957CDF /* ExpenSeeUITests */ = {
			isa = PBXNativeTarget;
			buildConfigurationList = F5DAFD2B3030BA3400957CDF /* Build configuration list for PBXNativeTarget "ExpenSeeUITests" */;
			buildPhases = (
				F5DAFD173030BA3400957CDF /* Sources */,
				F5DAFD183030BA3400957CDF /* Frameworks */,
				F5DAFD193030BA3400957CDF /* Resources */,
			);
			buildRules = (
			);
			dependencies = (
				F5DAFD1D3030BA3400957CDF /* PBXTargetDependency */,
			);
			fileSystemSynchronizedGroups = (
				F5DAFD1E3030BA3400957CDF /* ExpenSeeUITests */,
			);
			name = ExpenSeeUITests;
			packageProductDependencies = (
			);
			productName = ExpenSeeUITests;
			productReference = F5DAFD1B3030BA3400957CDF /* ExpenSeeUITests.xctest */;
			productType = "com.apple.product-type.bundle.ui-testing";
		};
		F5ED448E3031E3F200D9F64C /* ExpenSeeWidgetExtension */ = {
			isa = PBXNativeTarget;
			buildConfigurationList = F5ED44A33031E3F300D9F64C /* Build configuration list for PBXNativeTarget "ExpenSeeWidgetExtension" */;
			buildPhases = (
				F5ED448B3031E3F200D9F64C /* Sources */,
				F5ED448C3031E3F200D9F64C /* Frameworks */,
				F5ED448D3031E3F200D9F64C /* Resources */,
			);
			buildRules = (
			);
			dependencies = (
			);
			fileSystemSynchronizedGroups = (
				F5ED44923031E3F200D9F64C /* ExpenSeeWidget */,
			);
			name = ExpenSeeWidgetExtension;
			packageProductDependencies = (
				F5ED44BC3031E41B00D9F64C /* ExpenSeeCore */,
			);
			productName = ExpenSeeWidgetExtension;
			productReference = F5ED448F3031E3F200D9F64C /* ExpenSeeWidgetExtension.appex */;
			productType = "com.apple.product-type.app-extension";
		};
/* End PBXNativeTarget section */

/* Begin PBXProject section */
		F5DAFCFA3030BA3200957CDF /* Project object */ = {
			isa = PBXProject;
			attributes = {
				BuildIndependentTargetsInParallel = 1;
				LastSwiftUpdateCheck = 2660;
				LastUpgradeCheck = 2660;
				TargetAttributes = {
					F5DAFD013030BA3200957CDF = {
						CreatedOnToolsVersion = 26.6;
					};
					F5DAFD103030BA3400957CDF = {
						CreatedOnToolsVersion = 26.6;
						TestTargetID = F5DAFD013030BA3200957CDF;
					};
					F5DAFD1A3030BA3400957CDF = {
						CreatedOnToolsVersion = 26.6;
						TestTargetID = F5DAFD013030BA3200957CDF;
					};
					F5ED448E3031E3F200D9F64C = {
						CreatedOnToolsVersion = 26.6;
					};
				};
			};
			buildConfigurationList = F5DAFCFD3030BA3200957CDF /* Build configuration list for PBXProject "ExpenSee" */;
			developmentRegion = en;
			hasScannedForEncodings = 0;
			knownRegions = (
				en,
				Base,
			);
			mainGroup = F5DAFCF93030BA3200957CDF;
			minimizedProjectReferenceProxies = 1;
			packageReferences = (
				F52103FD30318B6600C460CD /* XCLocalSwiftPackageReference "ExpenSeeCore" */,
			);
			preferredProjectObjectVersion = 77;
			productRefGroup = F5DAFD033030BA3200957CDF /* Products */;
			projectDirPath = "";
			projectRoot = "";
			targets = (
				F5DAFD013030BA3200957CDF /* ExpenSee */,
				F5DAFD103030BA3400957CDF /* ExpenSeeTests */,
				F5DAFD1A3030BA3400957CDF /* ExpenSeeUITests */,
				F5ED448E3031E3F200D9F64C /* ExpenSeeWidgetExtension */,
			);
		};
/* End PBXProject section */

/* Begin PBXResourcesBuildPhase section */
		F5DAFD003030BA3200957CDF /* Resources */ = {
			isa = PBXResourcesBuildPhase;
			buildActionMask = 2147483647;
			files = (
			);
			runOnlyForDeploymentPostprocessing = 0;
		};
		F5DAFD0F3030BA3400957CDF /* Resources */ = {
			isa = PBXResourcesBuildPhase;
			buildActionMask = 2147483647;
			files = (
			);
			runOnlyForDeploymentPostprocessing = 0;
		};
		F5DAFD193030BA3400957CDF /* Resources */ = {
			isa = PBXResourcesBuildPhase;
			buildActionMask = 2147483647;
			files = (
			);
			runOnlyForDeploymentPostprocessing = 0;
		};
		F5ED448D3031E3F200D9F64C /* Resources */ = {
			isa = PBXResourcesBuildPhase;
			buildActionMask = 2147483647;
			files = (
			);
			runOnlyForDeploymentPostprocessing = 0;
		};
/* End PBXResourcesBuildPhase section */

/* Begin PBXSourcesBuildPhase section */
		F5DAFCFE3030BA3200957CDF /* Sources */ = {
			isa = PBXSourcesBuildPhase;
			buildActionMask = 2147483647;
			files = (
			);
			runOnlyForDeploymentPostprocessing = 0;
		};
		F5DAFD0D3030BA3400957CDF /* Sources */ = {
			isa = PBXSourcesBuildPhase;
			buildActionMask = 2147483647;
			files = (
			);
			runOnlyForDeploymentPostprocessing = 0;
		};
		F5DAFD173030BA3400957CDF /* Sources */ = {
			isa = PBXSourcesBuildPhase;
			buildActionMask = 2147483647;
			files = (
			);
			runOnlyForDeploymentPostprocessing = 0;
		};
		F5ED448B3031E3F200D9F64C /* Sources */ = {
			isa = PBXSourcesBuildPhase;
			buildActionMask = 2147483647;
			files = (
			);
			runOnlyForDeploymentPostprocessing = 0;
		};
/* End PBXSourcesBuildPhase section */

/* Begin PBXTargetDependency section */
		F5DAFD133030BA3400957CDF /* PBXTargetDependency */ = {
			isa = PBXTargetDependency;
			target = F5DAFD013030BA3200957CDF /* ExpenSee */;
			targetProxy = F5DAFD123030BA3400957CDF /* PBXContainerItemProxy */;
		};
		F5DAFD1D3030BA3400957CDF /* PBXTargetDependency */ = {
			isa = PBXTargetDependency;
			target = F5DAFD013030BA3200957CDF /* ExpenSee */;
			targetProxy = F5DAFD1C3030BA3400957CDF /* PBXContainerItemProxy */;
		};
		F5ED44A13031E3F300D9F64C /* PBXTargetDependency */ = {
			isa = PBXTargetDependency;
			target = F5ED448E3031E3F200D9F64C /* ExpenSeeWidgetExtension */;
			targetProxy = F5ED44A03031E3F300D9F64C /* PBXContainerItemProxy */;
		};
/* End PBXTargetDependency section */

/* Begin XCBuildConfiguration section */
		F5DAFD233030BA3400957CDF /* Debug */ = {
			isa = XCBuildConfiguration;
			buildSettings = {
				ALWAYS_SEARCH_USER_PATHS = NO;
				ASSETCATALOG_COMPILER_GENERATE_SWIFT_ASSET_SYMBOL_EXTENSIONS = YES;
				CLANG_ANALYZER_NONNULL = YES;
				CLANG_ANALYZER_NUMBER_OBJECT_CONVERSION = YES_AGGRESSIVE;
				CLANG_CXX_LANGUAGE_STANDARD = "gnu++20";
				CLANG_ENABLE_MODULES = YES;
				CLANG_ENABLE_OBJC_ARC = YES;
				CLANG_ENABLE_OBJC_WEAK = YES;
				CLANG_WARN_BLOCK_CAPTURE_AUTORELEASING = YES;
				CLANG_WARN_BOOL_CONVERSION = YES;
				CLANG_WARN_COMMA = YES;
				CLANG_WARN_CONSTANT_CONVERSION = YES;
				CLANG_WARN_DEPRECATED_OBJC_IMPLEMENTATIONS = YES;
				CLANG_WARN_DIRECT_OBJC_ISA_USAGE = YES_ERROR;
				CLANG_WARN_DOCUMENTATION_COMMENTS = YES;
				CLANG_WARN_EMPTY_BODY = YES;
				CLANG_WARN_ENUM_CONVERSION = YES;
				CLANG_WARN_INFINITE_RECURSION = YES;
				CLANG_WARN_INT_CONVERSION = YES;
				CLANG_WARN_NON_LITERAL_NULL_CONVERSION = YES;
				CLANG_WARN_OBJC_IMPLICIT_RETAIN_SELF = YES;
				CLANG_WARN_OBJC_LITERAL_CONVERSION = YES;
				CLANG_WARN_OBJC_ROOT_CLASS = YES_ERROR;
				CLANG_WARN_QUOTED_INCLUDE_IN_FRAMEWORK_HEADER = YES;
				CLANG_WARN_RANGE_LOOP_ANALYSIS = YES;
				CLANG_WARN_STRICT_PROTOTYPES = YES;
				CLANG_WARN_SUSPICIOUS_MOVE = YES;
				CLANG_WARN_UNGUARDED_AVAILABILITY = YES_AGGRESSIVE;
				CLANG_WARN_UNREACHABLE_CODE = YES;
				CLANG_WARN__DUPLICATE_METHOD_MATCH = YES;
				COPY_PHASE_STRIP = NO;
				DEBUG_INFORMATION_FORMAT = dwarf;
				DEVELOPMENT_TEAM = Z96LML8BZ2;
				ENABLE_STRICT_OBJC_MSGSEND = YES;
				ENABLE_TESTABILITY = YES;
				ENABLE_USER_SCRIPT_SANDBOXING = YES;
				GCC_C_LANGUAGE_STANDARD = gnu17;
				GCC_DYNAMIC_NO_PIC = NO;
				GCC_NO_COMMON_BLOCKS = YES;
				GCC_OPTIMIZATION_LEVEL = 0;
				GCC_PREPROCESSOR_DEFINITIONS = (
					"DEBUG=1",
					"$(inherited)",
				);
				GCC_WARN_64_TO_32_BIT_CONVERSION = YES;
				GCC_WARN_ABOUT_RETURN_TYPE = YES_ERROR;
				GCC_WARN_UNDECLARED_SELECTOR = YES;
				GCC_WARN_UNINITIALIZED_AUTOS = YES_AGGRESSIVE;
				GCC_WARN_UNUSED_FUNCTION = YES;
				GCC_WARN_UNUSED_VARIABLE = YES;
				LOCALIZATION_PREFERS_STRING_CATALOGS = YES;
				MTL_ENABLE_DEBUG_INFO = INCLUDE_SOURCE;
				MTL_FAST_MATH = YES;
				ONLY_ACTIVE_ARCH = YES;
				SWIFT_ACTIVE_COMPILATION_CONDITIONS = "DEBUG $(inherited)";
				SWIFT_OPTIMIZATION_LEVEL = "-Onone";
			};
			name = Debug;
		};
		F5DAFD243030BA3400957CDF /* Release */ = {
			isa = XCBuildConfiguration;
			buildSettings = {
				ALWAYS_SEARCH_USER_PATHS = NO;
				ASSETCATALOG_COMPILER_GENERATE_SWIFT_ASSET_SYMBOL_EXTENSIONS = YES;
				CLANG_ANALYZER_NONNULL = YES;
				CLANG_ANALYZER_NUMBER_OBJECT_CONVERSION = YES_AGGRESSIVE;
				CLANG_CXX_LANGUAGE_STANDARD = "gnu++20";
				CLANG_ENABLE_MODULES = YES;
				CLANG_ENABLE_OBJC_ARC = YES;
				CLANG_ENABLE_OBJC_WEAK = YES;
				CLANG_WARN_BLOCK_CAPTURE_AUTORELEASING = YES;
				CLANG_WARN_BOOL_CONVERSION = YES;
				CLANG_WARN_COMMA = YES;
				CLANG_WARN_CONSTANT_CONVERSION = YES;
				CLANG_WARN_DEPRECATED_OBJC_IMPLEMENTATIONS = YES;
				CLANG_WARN_DIRECT_OBJC_ISA_USAGE = YES_ERROR;
				CLANG_WARN_DOCUMENTATION_COMMENTS = YES;
				CLANG_WARN_EMPTY_BODY = YES;
				CLANG_WARN_ENUM_CONVERSION = YES;
				CLANG_WARN_INFINITE_RECURSION = YES;
				CLANG_WARN_INT_CONVERSION = YES;
				CLANG_WARN_NON_LITERAL_NULL_CONVERSION = YES;
				CLANG_WARN_OBJC_IMPLICIT_RETAIN_SELF = YES;
				CLANG_WARN_OBJC_LITERAL_CONVERSION = YES;
				CLANG_WARN_OBJC_ROOT_CLASS = YES_ERROR;
				CLANG_WARN_QUOTED_INCLUDE_IN_FRAMEWORK_HEADER = YES;
				CLANG_WARN_RANGE_LOOP_ANALYSIS = YES;
				CLANG_WARN_STRICT_PROTOTYPES = YES;
				CLANG_WARN_SUSPICIOUS_MOVE = YES;
				CLANG_WARN_UNGUARDED_AVAILABILITY = YES_AGGRESSIVE;
				CLANG_WARN_UNREACHABLE_CODE = YES;
				CLANG_WARN__DUPLICATE_METHOD_MATCH = YES;
				COPY_PHASE_STRIP = NO;
				DEBUG_INFORMATION_FORMAT = "dwarf-with-dsym";
				DEVELOPMENT_TEAM = Z96LML8BZ2;
				ENABLE_NS_ASSERTIONS = NO;
				ENABLE_STRICT_OBJC_MSGSEND = YES;
				ENABLE_USER_SCRIPT_SANDBOXING = YES;
				GCC_C_LANGUAGE_STANDARD = gnu17;
				GCC_NO_COMMON_BLOCKS = YES;
				GCC_WARN_64_TO_32_BIT_CONVERSION = YES;
				GCC_WARN_ABOUT_RETURN_TYPE = YES_ERROR;
				GCC_WARN_UNDECLARED_SELECTOR = YES;
				GCC_WARN_UNINITIALIZED_AUTOS = YES_AGGRESSIVE;
				GCC_WARN_UNUSED_FUNCTION = YES;
				GCC_WARN_UNUSED_VARIABLE = YES;
				LOCALIZATION_PREFERS_STRING_CATALOGS = YES;
				MTL_ENABLE_DEBUG_INFO = NO;
				MTL_FAST_MATH = YES;
				SWIFT_COMPILATION_MODE = wholemodule;
			};
			name = Release;
		};
		F5DAFD263030BA3400957CDF /* Debug */ = {
			isa = XCBuildConfiguration;
			buildSettings = {
				ASSETCATALOG_COMPILER_APPICON_NAME = AppIcon;
				ASSETCATALOG_COMPILER_GLOBAL_ACCENT_COLOR_NAME = AccentColor;
				CODE_SIGN_ENTITLEMENTS = ExpenSee/ExpenSee.entitlements;
				CODE_SIGN_STYLE = Automatic;
				CURRENT_PROJECT_VERSION = 1;
				DEVELOPMENT_TEAM = Z96LML8BZ2;
				ENABLE_APP_SANDBOX = YES;
				ENABLE_HARDENED_RUNTIME = YES;
				ENABLE_PREVIEWS = YES;
				ENABLE_USER_SELECTED_FILES = readonly;
				GENERATE_INFOPLIST_FILE = YES;
				INFOPLIST_KEY_NSSupportsLiveActivities = YES;
				"INFOPLIST_KEY_UIApplicationSceneManifest_Generation[sdk=iphoneos*]" = YES;
				"INFOPLIST_KEY_UIApplicationSceneManifest_Generation[sdk=iphonesimulator*]" = YES;
				"INFOPLIST_KEY_UIApplicationSupportsIndirectInputEvents[sdk=iphoneos*]" = YES;
				"INFOPLIST_KEY_UIApplicationSupportsIndirectInputEvents[sdk=iphonesimulator*]" = YES;
				"INFOPLIST_KEY_UILaunchScreen_Generation[sdk=iphoneos*]" = YES;
				"INFOPLIST_KEY_UILaunchScreen_Generation[sdk=iphonesimulator*]" = YES;
				"INFOPLIST_KEY_UIStatusBarStyle[sdk=iphoneos*]" = UIStatusBarStyleDefault;
				"INFOPLIST_KEY_UIStatusBarStyle[sdk=iphonesimulator*]" = UIStatusBarStyleDefault;
				INFOPLIST_KEY_UISupportedInterfaceOrientations_iPad = "UIInterfaceOrientationPortrait UIInterfaceOrientationPortraitUpsideDown UIInterfaceOrientationLandscapeLeft UIInterfaceOrientationLandscapeRight";
				INFOPLIST_KEY_UISupportedInterfaceOrientations_iPhone = "UIInterfaceOrientationPortrait UIInterfaceOrientationLandscapeLeft UIInterfaceOrientationLandscapeRight";
				IPHONEOS_DEPLOYMENT_TARGET = 26.5;
				LD_RUNPATH_SEARCH_PATHS = "@executable_path/Frameworks";
				"LD_RUNPATH_SEARCH_PATHS[sdk=macosx*]" = "@executable_path/../Frameworks";
				MACOSX_DEPLOYMENT_TARGET = 26.5;
				MARKETING_VERSION = 1.0;
				PRODUCT_BUNDLE_IDENTIFIER = "harvy-angelo-tan.ExpenSee";
				PRODUCT_NAME = "$(TARGET_NAME)";
				REGISTER_APP_GROUPS = YES;
				SDKROOT = auto;
				STRING_CATALOG_GENERATE_SYMBOLS = YES;
				SUPPORTED_PLATFORMS = "iphoneos iphonesimulator macosx xros xrsimulator";
				SWIFT_APPROACHABLE_CONCURRENCY = YES;
				SWIFT_DEFAULT_ACTOR_ISOLATION = MainActor;
				SWIFT_EMIT_LOC_STRINGS = YES;
				SWIFT_UPCOMING_FEATURE_MEMBER_IMPORT_VISIBILITY = YES;
				SWIFT_VERSION = 5.0;
				TARGETED_DEVICE_FAMILY = "1,2,7";
				XROS_DEPLOYMENT_TARGET = 26.5;
			};
			name = Debug;
		};
		F5DAFD273030BA3400957CDF /* Release */ = {
			isa = XCBuildConfiguration;
			buildSettings = {
				ASSETCATALOG_COMPILER_APPICON_NAME = AppIcon;
				ASSETCATALOG_COMPILER_GLOBAL_ACCENT_COLOR_NAME = AccentColor;
				CODE_SIGN_ENTITLEMENTS = ExpenSee/ExpenSee.entitlements;
				CODE_SIGN_STYLE = Automatic;
				CURRENT_PROJECT_VERSION = 1;
				DEVELOPMENT_TEAM = Z96LML8BZ2;
				ENABLE_APP_SANDBOX = YES;
				ENABLE_HARDENED_RUNTIME = YES;
				ENABLE_PREVIEWS = YES;
				ENABLE_USER_SELECTED_FILES = readonly;
				GENERATE_INFOPLIST_FILE = YES;
				INFOPLIST_KEY_NSSupportsLiveActivities = YES;
				"INFOPLIST_KEY_UIApplicationSceneManifest_Generation[sdk=iphoneos*]" = YES;
				"INFOPLIST_KEY_UIApplicationSceneManifest_Generation[sdk=iphonesimulator*]" = YES;
				"INFOPLIST_KEY_UIApplicationSupportsIndirectInputEvents[sdk=iphoneos*]" = YES;
				"INFOPLIST_KEY_UIApplicationSupportsIndirectInputEvents[sdk=iphonesimulator*]" = YES;
				"INFOPLIST_KEY_UILaunchScreen_Generation[sdk=iphoneos*]" = YES;
				"INFOPLIST_KEY_UILaunchScreen_Generation[sdk=iphonesimulator*]" = YES;
				"INFOPLIST_KEY_UIStatusBarStyle[sdk=iphoneos*]" = UIStatusBarStyleDefault;
				"INFOPLIST_KEY_UIStatusBarStyle[sdk=iphonesimulator*]" = UIStatusBarStyleDefault;
				INFOPLIST_KEY_UISupportedInterfaceOrientations_iPad = "UIInterfaceOrientationPortrait UIInterfaceOrientationPortraitUpsideDown UIInterfaceOrientationLandscapeLeft UIInterfaceOrientationLandscapeRight";
				INFOPLIST_KEY_UISupportedInterfaceOrientations_iPhone = "UIInterfaceOrientationPortrait UIInterfaceOrientationLandscapeLeft UIInterfaceOrientationLandscapeRight";
				IPHONEOS_DEPLOYMENT_TARGET = 26.5;
				LD_RUNPATH_SEARCH_PATHS = "@executable_path/Frameworks";
				"LD_RUNPATH_SEARCH_PATHS[sdk=macosx*]" = "@executable_path/../Frameworks";
				MACOSX_DEPLOYMENT_TARGET = 26.5;
				MARKETING_VERSION = 1.0;
				PRODUCT_BUNDLE_IDENTIFIER = "harvy-angelo-tan.ExpenSee";
				PRODUCT_NAME = "$(TARGET_NAME)";
				REGISTER_APP_GROUPS = YES;
				SDKROOT = auto;
				STRING_CATALOG_GENERATE_SYMBOLS = YES;
				SUPPORTED_PLATFORMS = "iphoneos iphonesimulator macosx xros xrsimulator";
				SWIFT_APPROACHABLE_CONCURRENCY = YES;
				SWIFT_DEFAULT_ACTOR_ISOLATION = MainActor;
				SWIFT_EMIT_LOC_STRINGS = YES;
				SWIFT_UPCOMING_FEATURE_MEMBER_IMPORT_VISIBILITY = YES;
				SWIFT_VERSION = 5.0;
				TARGETED_DEVICE_FAMILY = "1,2,7";
				XROS_DEPLOYMENT_TARGET = 26.5;
			};
			name = Release;
		};
		F5DAFD293030BA3400957CDF /* Debug */ = {
			isa = XCBuildConfiguration;
			buildSettings = {
				BUNDLE_LOADER = "$(TEST_HOST)";
				CODE_SIGN_STYLE = Automatic;
				CURRENT_PROJECT_VERSION = 1;
				DEVELOPMENT_TEAM = Z96LML8BZ2;
				GENERATE_INFOPLIST_FILE = YES;
				IPHONEOS_DEPLOYMENT_TARGET = 26.5;
				MACOSX_DEPLOYMENT_TARGET = 26.5;
				MARKETING_VERSION = 1.0;
				PRODUCT_BUNDLE_IDENTIFIER = "harvy-angelo-tan.ExpenSeeTests";
				PRODUCT_NAME = "$(TARGET_NAME)";
				SDKROOT = auto;
				STRING_CATALOG_GENERATE_SYMBOLS = NO;
				SUPPORTED_PLATFORMS = "iphoneos iphonesimulator macosx xros xrsimulator";
				SWIFT_APPROACHABLE_CONCURRENCY = YES;
				SWIFT_EMIT_LOC_STRINGS = NO;
				SWIFT_UPCOMING_FEATURE_MEMBER_IMPORT_VISIBILITY = YES;
				SWIFT_VERSION = 5.0;
				TARGETED_DEVICE_FAMILY = "1,2,7";
				TEST_HOST = "$(BUILT_PRODUCTS_DIR)/ExpenSee.app/$(BUNDLE_EXECUTABLE_FOLDER_PATH)/ExpenSee";
				XROS_DEPLOYMENT_TARGET = 26.5;
			};
			name = Debug;
		};
		F5DAFD2A3030BA3400957CDF /* Release */ = {
			isa = XCBuildConfiguration;
			buildSettings = {
				BUNDLE_LOADER = "$(TEST_HOST)";
				CODE_SIGN_STYLE = Automatic;
				CURRENT_PROJECT_VERSION = 1;
				DEVELOPMENT_TEAM = Z96LML8BZ2;
				GENERATE_INFOPLIST_FILE = YES;
				IPHONEOS_DEPLOYMENT_TARGET = 26.5;
				MACOSX_DEPLOYMENT_TARGET = 26.5;
				MARKETING_VERSION = 1.0;
				PRODUCT_BUNDLE_IDENTIFIER = "harvy-angelo-tan.ExpenSeeTests";
				PRODUCT_NAME = "$(TARGET_NAME)";
				SDKROOT = auto;
				STRING_CATALOG_GENERATE_SYMBOLS = NO;
				SUPPORTED_PLATFORMS = "iphoneos iphonesimulator macosx xros xrsimulator";
				SWIFT_APPROACHABLE_CONCURRENCY = YES;
				SWIFT_EMIT_LOC_STRINGS = NO;
				SWIFT_UPCOMING_FEATURE_MEMBER_IMPORT_VISIBILITY = YES;
				SWIFT_VERSION = 5.0;
				TARGETED_DEVICE_FAMILY = "1,2,7";
				TEST_HOST = "$(BUILT_PRODUCTS_DIR)/ExpenSee.app/$(BUNDLE_EXECUTABLE_FOLDER_PATH)/ExpenSee";
				XROS_DEPLOYMENT_TARGET = 26.5;
			};
			name = Release;
		};
		F5DAFD2C3030BA3400957CDF /* Debug */ = {
			isa = XCBuildConfiguration;
			buildSettings = {
				CODE_SIGN_STYLE = Automatic;
				CURRENT_PROJECT_VERSION = 1;
				DEVELOPMENT_TEAM = Z96LML8BZ2;
				GENERATE_INFOPLIST_FILE = YES;
				IPHONEOS_DEPLOYMENT_TARGET = 26.5;
				MACOSX_DEPLOYMENT_TARGET = 26.5;
				MARKETING_VERSION = 1.0;
				PRODUCT_BUNDLE_IDENTIFIER = "harvy-angelo-tan.ExpenSeeUITests";
				PRODUCT_NAME = "$(TARGET_NAME)";
				SDKROOT = auto;
				STRING_CATALOG_GENERATE_SYMBOLS = NO;
				SUPPORTED_PLATFORMS = "iphoneos iphonesimulator macosx xros xrsimulator";
				SWIFT_APPROACHABLE_CONCURRENCY = YES;
				SWIFT_EMIT_LOC_STRINGS = NO;
				SWIFT_UPCOMING_FEATURE_MEMBER_IMPORT_VISIBILITY = YES;
				SWIFT_VERSION = 5.0;
				TARGETED_DEVICE_FAMILY = "1,2,7";
				TEST_TARGET_NAME = ExpenSee;
				XROS_DEPLOYMENT_TARGET = 26.5;
			};
			name = Debug;
		};
		F5DAFD2D3030BA3400957CDF /* Release */ = {
			isa = XCBuildConfiguration;
			buildSettings = {
				CODE_SIGN_STYLE = Automatic;
				CURRENT_PROJECT_VERSION = 1;
				DEVELOPMENT_TEAM = Z96LML8BZ2;
				GENERATE_INFOPLIST_FILE = YES;
				IPHONEOS_DEPLOYMENT_TARGET = 26.5;
				MACOSX_DEPLOYMENT_TARGET = 26.5;
				MARKETING_VERSION = 1.0;
				PRODUCT_BUNDLE_IDENTIFIER = "harvy-angelo-tan.ExpenSeeUITests";
				PRODUCT_NAME = "$(TARGET_NAME)";
				SDKROOT = auto;
				STRING_CATALOG_GENERATE_SYMBOLS = NO;
				SUPPORTED_PLATFORMS = "iphoneos iphonesimulator macosx xros xrsimulator";
				SWIFT_APPROACHABLE_CONCURRENCY = YES;
				SWIFT_EMIT_LOC_STRINGS = NO;
				SWIFT_UPCOMING_FEATURE_MEMBER_IMPORT_VISIBILITY = YES;
				SWIFT_VERSION = 5.0;
				TARGETED_DEVICE_FAMILY = "1,2,7";
				TEST_TARGET_NAME = ExpenSee;
				XROS_DEPLOYMENT_TARGET = 26.5;
			};
			name = Release;
		};
		F5ED44A43031E3F300D9F64C /* Debug */ = {
			isa = XCBuildConfiguration;
			buildSettings = {
				ASSETCATALOG_COMPILER_GLOBAL_ACCENT_COLOR_NAME = AccentColor;
				ASSETCATALOG_COMPILER_WIDGET_BACKGROUND_COLOR_NAME = WidgetBackground;
				CODE_SIGN_ENTITLEMENTS = ExpenSeeWidgetExtension.entitlements;
				CODE_SIGN_STYLE = Automatic;
				CURRENT_PROJECT_VERSION = 1;
				DEVELOPMENT_TEAM = Z96LML8BZ2;
				GENERATE_INFOPLIST_FILE = YES;
				INFOPLIST_FILE = ExpenSeeWidget/Info.plist;
				INFOPLIST_KEY_CFBundleDisplayName = ExpenSeeWidget;
				INFOPLIST_KEY_NSHumanReadableCopyright = "";
				IPHONEOS_DEPLOYMENT_TARGET = 26.5;
				LD_RUNPATH_SEARCH_PATHS = (
					"$(inherited)",
					"@executable_path/Frameworks",
					"@executable_path/../../Frameworks",
				);
				MARKETING_VERSION = 1.0;
				PRODUCT_BUNDLE_IDENTIFIER = "harvy-angelo-tan.ExpenSee.ExpenSeeWidget";
				PRODUCT_NAME = "$(TARGET_NAME)";
				SDKROOT = iphoneos;
				SKIP_INSTALL = YES;
				STRING_CATALOG_GENERATE_SYMBOLS = YES;
				SWIFT_APPROACHABLE_CONCURRENCY = YES;
				SWIFT_EMIT_LOC_STRINGS = YES;
				SWIFT_UPCOMING_FEATURE_MEMBER_IMPORT_VISIBILITY = YES;
				SWIFT_VERSION = 5.0;
				TARGETED_DEVICE_FAMILY = "1,2";
			};
			name = Debug;
		};
		F5ED44A53031E3F300D9F64C /* Release */ = {
			isa = XCBuildConfiguration;
			buildSettings = {
				ASSETCATALOG_COMPILER_GLOBAL_ACCENT_COLOR_NAME = AccentColor;
				ASSETCATALOG_COMPILER_WIDGET_BACKGROUND_COLOR_NAME = WidgetBackground;
				CODE_SIGN_ENTITLEMENTS = ExpenSeeWidgetExtension.entitlements;
				CODE_SIGN_STYLE = Automatic;
				CURRENT_PROJECT_VERSION = 1;
				DEVELOPMENT_TEAM = Z96LML8BZ2;
				GENERATE_INFOPLIST_FILE = YES;
				INFOPLIST_FILE = ExpenSeeWidget/Info.plist;
				INFOPLIST_KEY_CFBundleDisplayName = ExpenSeeWidget;
				INFOPLIST_KEY_NSHumanReadableCopyright = "";
				IPHONEOS_DEPLOYMENT_TARGET = 26.5;
				LD_RUNPATH_SEARCH_PATHS = (
					"$(inherited)",
					"@executable_path/Frameworks",
					"@executable_path/../../Frameworks",
				);
				MARKETING_VERSION = 1.0;
				PRODUCT_BUNDLE_IDENTIFIER = "harvy-angelo-tan.ExpenSee.ExpenSeeWidget";
				PRODUCT_NAME = "$(TARGET_NAME)";
				SDKROOT = iphoneos;
				SKIP_INSTALL = YES;
				STRING_CATALOG_GENERATE_SYMBOLS = YES;
				SWIFT_APPROACHABLE_CONCURRENCY = YES;
				SWIFT_EMIT_LOC_STRINGS = YES;
				SWIFT_UPCOMING_FEATURE_MEMBER_IMPORT_VISIBILITY = YES;
				SWIFT_VERSION = 5.0;
				TARGETED_DEVICE_FAMILY = "1,2";
				VALIDATE_PRODUCT = YES;
			};
			name = Release;
		};
/* End XCBuildConfiguration section */

/* Begin XCConfigurationList section */
		F5DAFCFD3030BA3200957CDF /* Build configuration list for PBXProject "ExpenSee" */ = {
			isa = XCConfigurationList;
			buildConfigurations = (
				F5DAFD233030BA3400957CDF /* Debug */,
				F5DAFD243030BA3400957CDF /* Release */,
			);
			defaultConfigurationIsVisible = 0;
			defaultConfigurationName = Release;
		};
		F5DAFD253030BA3400957CDF /* Build configuration list for PBXNativeTarget "ExpenSee" */ = {
			isa = XCConfigurationList;
			buildConfigurations = (
				F5DAFD263030BA3400957CDF /* Debug */,
				F5DAFD273030BA3400957CDF /* Release */,
			);
			defaultConfigurationIsVisible = 0;
			defaultConfigurationName = Release;
		};
		F5DAFD283030BA3400957CDF /* Build configuration list for PBXNativeTarget "ExpenSeeTests" */ = {
			isa = XCConfigurationList;
			buildConfigurations = (
				F5DAFD293030BA3400957CDF /* Debug */,
				F5DAFD2A3030BA3400957CDF /* Release */,
			);
			defaultConfigurationIsVisible = 0;
			defaultConfigurationName = Release;
		};
		F5DAFD2B3030BA3400957CDF /* Build configuration list for PBXNativeTarget "ExpenSeeUITests" */ = {
			isa = XCConfigurationList;
			buildConfigurations = (
				F5DAFD2C3030BA3400957CDF /* Debug */,
				F5DAFD2D3030BA3400957CDF /* Release */,
			);
			defaultConfigurationIsVisible = 0;
			defaultConfigurationName = Release;
		};
		F5ED44A33031E3F300D9F64C /* Build configuration list for PBXNativeTarget "ExpenSeeWidgetExtension" */ = {
			isa = XCConfigurationList;
			buildConfigurations = (
				F5ED44A43031E3F300D9F64C /* Debug */,
				F5ED44A53031E3F300D9F64C /* Release */,
			);
			defaultConfigurationIsVisible = 0;
			defaultConfigurationName = Release;
		};
/* End XCConfigurationList section */

/* Begin XCLocalSwiftPackageReference section */
		F52103FD30318B6600C460CD /* XCLocalSwiftPackageReference "ExpenSeeCore" */ = {
			isa = XCLocalSwiftPackageReference;
			relativePath = ExpenSeeCore;
		};
/* End XCLocalSwiftPackageReference section */

/* Begin XCSwiftPackageProductDependency section */
		F52103FE30318E7600C460CD /* ExpenSeeCore */ = {
			isa = XCSwiftPackageProductDependency;
			package = F52103FD30318B6600C460CD /* XCLocalSwiftPackageReference "ExpenSeeCore" */;
			productName = ExpenSeeCore;
		};
		F5ED44BC3031E41B00D9F64C /* ExpenSeeCore */ = {
			isa = XCSwiftPackageProductDependency;
			package = F52103FD30318B6600C460CD /* XCLocalSwiftPackageReference "ExpenSeeCore" */;
			productName = ExpenSeeCore;
		};
/* End XCSwiftPackageProductDependency section */
	};
	rootObject = F5DAFCFA3030BA3200957CDF /* Project object */;
}
